
Microsoft Visual Studio Solution File, Format Version 12.00
# Visual Studio Version 17
VisualStudioVersion = 17.9.34728.123
MinimumVisualStudioVersion = 10.0.40219.1
Project("{FAE04EC0-301F-11D3-BF4B-00C04F79EFBC}") = "2324_1Y_DSaA_RegularSearch", "2324_1Y_DSaA_RegularSearch\2324_1Y_DSaA_RegularSearch.csproj", "{7BCC61D2-A39A-4A3B-A933-5E1AD173175F}"
EndProject
Global
	GlobalSection(SolutionConfigurationPlatforms) = preSolution
		Debug|Any CPU = Debug|Any CPU
		Release|Any CPU = Release|Any CPU
	EndGlobalSection
	GlobalSection(ProjectConfigurationPlatforms) = postSolution
		{7BCC61D2-A39A-4A3B-A933-5E1AD173175F}.Debug|Any CPU.ActiveCfg = Debug|Any CPU
		{7BCC61D2-A39A-4A3B-A933-5E1AD173175F}.Debug|Any CPU.Build.0 = Debug|Any CPU
		{7BCC61D2-A39A-4A3B-A933-5E1AD173175F}.Release|Any CPU.ActiveCfg = Release|Any CPU
		{7BCC61D2-A39A-4A3B-A933-5E1AD173175F}.Release|Any CPU.Build.0 = Release|Any CPU
	EndGlobalSection
	GlobalSection(SolutionProperties) = preSolution
		HideSolutionNode = FALSE
	EndGlobalSection
	GlobalSection(ExtensibilityGlobals) = postSolution
		SolutionGuid = {781F1B58-4C77-41F6-9A18-7D647BC9398D}
	EndGlobalSection
EndGlobal
